
Microsoft Visual Studio Solution File, Format Version 12.00
# Visual Studio 15
VisualStudioVersion = 15.0.26124.0
MinimumVisualStudioVersion = 15.0.26124.0
Project("{FAE04EC0-301F-11D3-BF4B-00C04F79EFBC}") = "Dena.CodeAnalysis.Testing", "src\Dena.CodeAnalysis.Testing\Dena.CodeAnalysis.Testing.csproj", "{5C4F5607-880B-4D33-9182-2806F7D25E12}"
EndProject
Project("{FAE04EC0-301F-11D3-BF4B-00C04F79EFBC}") = "Dena.CodeAnalysis.Testing.Tests", "tests\Dena.CodeAnalysis.Testing.Tests\Dena.CodeAnalysis.Testing.Tests.csproj", "{B50FC929-F9BF-4DBC-B7EB-A29396801725}"
EndProject
Global
	GlobalSection(SolutionConfigurationPlatforms) = preSolution
		Debug|Any CPU = Debug|Any CPU
		Debug|x64 = Debug|x64
		Debug|x86 = Debug|x86
		Release|Any CPU = Release|Any CPU
		Release|x64 = Release|x64
		Release|x86 = Release|x86
	EndGlobalSection
	GlobalSection(SolutionProperties) = preSolution
		HideSolutionNode = FALSE
	EndGlobalSection
	GlobalSection(ProjectConfigurationPlatforms) = postSolution
		{5C4F5607-880B-4D33-9182-2806F7D25E12}.Debug|Any CPU.ActiveCfg = Debug|Any CPU
		{5C4F5607-880B-4D33-9182-2806F7D25E12}.Debug|Any CPU.Build.0 = Debug|Any CPU
		{5C4F5607-880B-4D33-9182-2806F7D25E12}.Debug|x64.ActiveCfg = Debug|Any CPU
		{5C4F5607-880B-4D33-9182-2806F7D25E12}.Debug|x64.Build.0 = Debug|Any CPU
		{5C4F5607-880B-4D33-9182-2806F7D25E12}.Debug|x86.ActiveCfg = Debug|Any CPU
		{5C4F5607-880B-4D33-9182-2806F7D25E12}.Debug|x86.Build.0 = Debug|Any CPU
		{5C4F5607-880B-4D33-9182-2806F7D25E12}.Release|Any CPU.ActiveCfg = Release|Any CPU
		{5C4F5607-880B-4D33-9182-2806F7D25E12}.Release|Any CPU.Build.0 = Release|Any CPU
		{5C4F5607-880B-4D33-9182-2806F7D25E12}.Release|x64.ActiveCfg = Release|Any CPU
		{5C4F5607-880B-4D33-9182-2806F7D25E12}.Release|x64.Build.0 = Release|Any CPU
		{5C4F5607-880B-4D33-9182-2806F7D25E12}.Release|x86.ActiveCfg = Release|Any CPU
		{5C4F5607-880B-4D33-9182-2806F7D25E12}.Release|x86.Build.0 = Release|Any CPU
		{B50FC929-F9BF-4DBC-B7EB-A29396801725}.Debug|Any CPU.ActiveCfg = Debug|Any CPU
		{B50FC929-F9BF-4DBC-B7EB-A29396801725}.Debug|Any CPU.Build.0 = Debug|Any CPU
		{B50FC929-F9BF-4DBC-B7EB-A29396801725}.Debug|x64.ActiveCfg = Debug|Any CPU
		{B50FC929-F9BF-4DBC-B7EB-A29396801725}.Debug|x64.Build.0 = Debug|Any CPU
		{B50FC929-F9BF-4DBC-B7EB-A29396801725}.Debug|x86.ActiveCfg = Debug|Any CPU
		{B50FC929-F9BF-4DBC-B7EB-A29396801725}.Debug|x86.Build.0 = Debug|Any CPU
		{B50FC929-F9BF-4DBC-B7EB-A29396801725}.Release|Any CPU.ActiveCfg = Release|Any CPU
		{B50FC929-F9BF-4DBC-B7EB-A29396801725}.Release|Any CPU.Build.0 = Release|Any CPU
		{B50FC929-F9BF-4DBC-B7EB-A29396801725}.Release|x64.ActiveCfg = Release|Any CPU
		{B50FC929-F9BF-4DBC-B7EB-A29396801725}.Release|x64.Build.0 = Release|Any CPU
		{B50FC929-F9BF-4DBC-B7EB-A29396801725}.Release|x86.ActiveCfg = Release|Any CPU
		{B50FC929-F9BF-4DBC-B7EB-A29396801725}.Release|x86.Build.0 = Release|Any CPU
	EndGlobalSection
EndGlobal
